
Microsoft Visual Studio Solution File, Format Version 12.00
# Visual Studio Version 17
VisualStudioVersion = 17.3.32929.385
MinimumVisualStudioVersion = 10.0.40219.1
Project("{FAE04EC0-301F-11D3-BF4B-00C04F79EFBC}") = "crapmap_csharp", "crapmap_csharp\crapmap_csharp.csproj", "{6D36C123-4DA0-4C0A-B4BF-908B57EDD269}"
EndProject
Project("{FAE04EC0-301F-11D3-BF4B-00C04F79EFBC}") = "crapmap_csharp_forms", "crapmap_csharp_forms\crapmap_csharp_forms.csproj", "{67F993CF-D0AD-433A-89B5-580C3F40087E}"
EndProject
Global
	GlobalSection(SolutionConfigurationPlatforms) = preSolution
		Debug|Any CPU = Debug|Any CPU
		Release|Any CPU = Release|Any CPU
	EndGlobalSection
	GlobalSection(ProjectConfigurationPlatforms) = postSolution
		{6D36C123-4DA0-4C0A-B4BF-908B57EDD269}.Debug|Any CPU.ActiveCfg = Debug|Any CPU
		{6D36C123-4DA0-4C0A-B4BF-908B57EDD269}.Debug|Any CPU.Build.0 = Debug|Any CPU
		{6D36C123-4DA0-4C0A-B4BF-908B57EDD269}.Release|Any CPU.ActiveCfg = Release|Any CPU
		{6D36C123-4DA0-4C0A-B4BF-908B57EDD269}.Release|Any CPU.Build.0 = Release|Any CPU
		{67F993CF-D0AD-433A-89B5-580C3F40087E}.Debug|Any CPU.ActiveCfg = Debug|Any CPU
		{67F993CF-D0AD-433A-89B5-580C3F40087E}.Debug|Any CPU.Build.0 = Debug|Any CPU
		{67F993CF-D0AD-433A-89B5-580C3F40087E}.Release|Any CPU.ActiveCfg = Release|Any CPU
		{67F993CF-D0AD-433A-89B5-580C3F40087E}.Release|Any CPU.Build.0 = Release|Any CPU
	EndGlobalSection
	GlobalSection(SolutionProperties) = preSolution
		HideSolutionNode = FALSE
	EndGlobalSection
	GlobalSection(ExtensibilityGlobals) = postSolution
		SolutionGuid = {1A4441BD-325B-4760-AE8A-D969877EBD22}
	EndGlobalSection
EndGlobal
